Terraform used the selected providers to generate the following execution
plan. Resource actions are indicated with the following symbols:
  + create

Terraform will perform the following actions:

  # aws_db_instance.alpha_mysqldb_default will be created
  + resource "aws_db_instance" "alpha_mysqldb_default" {
      + address                               = (known after apply)
      + allocated_storage                     = 10
      + apply_immediately                     = (known after apply)
      + arn                                   = (known after apply)
      + auto_minor_version_upgrade            = true
      + availability_zone                     = (known after apply)
      + backup_retention_period               = (known after apply)
      + backup_window                         = (known after apply)
      + ca_cert_identifier                    = (known after apply)
      + character_set_name                    = (known after apply)
      + copy_tags_to_snapshot                 = false
      + db_name                               = "mydb"
      + db_subnet_group_name                  = (known after apply)
      + delete_automated_backups              = true
      + endpoint                              = (known after apply)
      + engine                                = "mysql"
      + engine_version                        = "5.7"
      + engine_version_actual                 = (known after apply)
      + hosted_zone_id                        = (known after apply)
      + id                                    = (known after apply)
      + identifier                            = (known after apply)
      + identifier_prefix                     = (known after apply)
      + instance_class                        = "db.t2.micro"
      + kms_key_id                            = (known after apply)
      + latest_restorable_time                = (known after apply)
      + license_model                         = (known after apply)
      + maintenance_window                    = (known after apply)
      + monitoring_interval                   = 0
      + monitoring_role_arn                   = (known after apply)
      + multi_az                              = (known after apply)
      + name                                  = (known after apply)
      + nchar_character_set_name              = (known after apply)
      + option_group_name                     = (known after apply)
      + parameter_group_name                  = "default.mysql5.7"
      + password                              = (sensitive value)
      + performance_insights_enabled          = false
      + performance_insights_kms_key_id       = (known after apply)
      + performance_insights_retention_period = (known after apply)
      + port                                  = (known after apply)
      + publicly_accessible                   = false
      + replica_mode                          = (known after apply)
      + replicas                              = (known after apply)
      + resource_id                           = (known after apply)
      + skip_final_snapshot                   = true
      + snapshot_identifier                   = (known after apply)
      + status                                = (known after apply)
      + storage_type                          = (known after apply)
      + tags_all                              = (known after apply)
      + timezone                              = (known after apply)
      + username                              = "alphadbuser"
      + vpc_security_group_ids                = (known after apply)
    }

  # aws_db_subnet_group.alpha_db_subnet_group will be created
  + resource "aws_db_subnet_group" "alpha_db_subnet_group" {
      + arn         = (known after apply)
      + description = "Managed by Terraform"
      + id          = (known after apply)
      + name        = "alpha_db_subnet_group"
      + name_prefix = (known after apply)
      + subnet_ids  = (known after apply)
      + tags        = {
          + "Name" = "Alpha VPC DB Subnet Group"
        }
      + tags_all    = {
          + "Name" = "Alpha VPC DB Subnet Group"
        }
    }

  # aws_instance.webserver_1 will be created
  + resource "aws_instance" "webserver_1" {
      + ami                                  = "ami-0de49f883a95ec117"
      + arn                                  = (known after apply)
      + associate_public_ip_address          = true
      + availability_zone                    = (known after apply)
      + cpu_core_count                       = (known after apply)
      + cpu_threads_per_core                 = (known after apply)
      + disable_api_stop                     = (known after apply)
      + disable_api_termination              = (known after apply)
      + ebs_optimized                        = (known after apply)
      + get_password_data                    = false
      + host_id                              = (known after apply)
      + id                                   = (known after apply)
      + instance_initiated_shutdown_behavior = (known after apply)
      + instance_state                       = (known after apply)
      + instance_type                        = "t2.micro"
      + ipv6_address_count                   = (known after apply)
      + ipv6_addresses                       = (known after apply)
      + key_name                             = "alpha_vpc_key"
      + monitoring                           = (known after apply)
      + outpost_arn                          = (known after apply)
      + password_data                        = (known after apply)
      + placement_group                      = (known after apply)
      + placement_partition_number           = (known after apply)
      + primary_network_interface_id         = (known after apply)
      + private_dns                          = (known after apply)
      + private_ip                           = (known after apply)
      + public_dns                           = (known after apply)
      + public_ip                            = (known after apply)
      + secondary_private_ips                = (known after apply)
      + security_groups                      = (known after apply)
      + source_dest_check                    = true
      + subnet_id                            = (known after apply)
      + tags                                 = {
          + "Name" = "Public Web Server 1"
        }
      + tags_all                             = {
          + "Name" = "Public Web Server 1"
        }
      + tenancy                              = (known after apply)
      + user_data                            = "9aff373622fcb59d4a32d3462a024e7b9333f850"
      + user_data_base64                     = (known after apply)
      + user_data_replace_on_change          = false
      + vpc_security_group_ids               = (known after apply)

      + capacity_reservation_specification {
          + capacity_reservation_preference = (known after apply)

          + capacity_reservation_target {
              + capacity_reservation_id                 = (known after apply)
              + capacity_reservation_resource_group_arn = (known after apply)
            }
        }

      + ebs_block_device {
          + delete_on_termination = (known after apply)
          + device_name           = (known after apply)
          + encrypted             = (known after apply)
          + iops                  = (known after apply)
          + kms_key_id            = (known after apply)
          + snapshot_id           = (known after apply)
          + tags                  = (known after apply)
          + throughput            = (known after apply)
          + volume_id             = (known after apply)
          + volume_size           = (known after apply)
          + volume_type           = (known after apply)
        }

      + enclave_options {
          + enabled = (known after apply)
        }

      + ephemeral_block_device {
          + device_name  = (known after apply)
          + no_device    = (known after apply)
          + virtual_name = (known after apply)
        }

      + maintenance_options {
          + auto_recovery = (known after apply)
        }

      + metadata_options {
          + http_endpoint               = (known after apply)
          + http_put_response_hop_limit = (known after apply)
          + http_tokens                 = (known after apply)
          + instance_metadata_tags      = (known after apply)
        }

      + network_interface {
          + delete_on_termination = (known after apply)
          + device_index          = (known after apply)
          + network_card_index    = (known after apply)
          + network_interface_id  = (known after apply)
        }

      + private_dns_name_options {
          + enable_resource_name_dns_a_record    = (known after apply)
          + enable_resource_name_dns_aaaa_record = (known after apply)
          + hostname_type                        = (known after apply)
        }

      + root_block_device {
          + delete_on_termination = (known after apply)
          + device_name           = (known after apply)
          + encrypted             = (known after apply)
          + iops                  = (known after apply)
          + kms_key_id            = (known after apply)
          + tags                  = (known after apply)
          + throughput            = (known after apply)
          + volume_id             = (known after apply)
          + volume_size           = (known after apply)
          + volume_type           = (known after apply)
        }
    }

  # aws_instance.webserver_2 will be created
  + resource "aws_instance" "webserver_2" {
      + ami                                  = "ami-0de49f883a95ec117"
      + arn                                  = (known after apply)
      + associate_public_ip_address          = true
      + availability_zone                    = (known after apply)
      + cpu_core_count                       = (known after apply)
      + cpu_threads_per_core                 = (known after apply)
      + disable_api_stop                     = (known after apply)
      + disable_api_termination              = (known after apply)
      + ebs_optimized                        = (known after apply)
      + get_password_data                    = false
      + host_id                              = (known after apply)
      + id                                   = (known after apply)
      + instance_initiated_shutdown_behavior = (known after apply)
      + instance_state                       = (known after apply)
      + instance_type                        = "t2.micro"
      + ipv6_address_count                   = (known after apply)
      + ipv6_addresses                       = (known after apply)
      + key_name                             = "alpha_vpc_key"
      + monitoring                           = (known after apply)
      + outpost_arn                          = (known after apply)
      + password_data                        = (known after apply)
      + placement_group                      = (known after apply)
      + placement_partition_number           = (known after apply)
      + primary_network_interface_id         = (known after apply)
      + private_dns                          = (known after apply)
      + private_ip                           = (known after apply)
      + public_dns                           = (known after apply)
      + public_ip                            = (known after apply)
      + secondary_private_ips                = (known after apply)
      + security_groups                      = (known after apply)
      + source_dest_check                    = true
      + subnet_id                            = (known after apply)
      + tags                                 = {
          + "Name" = "Public Web Server 2"
        }
      + tags_all                             = {
          + "Name" = "Public Web Server 2"
        }
      + tenancy                              = (known after apply)
      + user_data                            = "9aff373622fcb59d4a32d3462a024e7b9333f850"
      + user_data_base64                     = (known after apply)
      + user_data_replace_on_change          = false
      + vpc_security_group_ids               = (known after apply)

      + capacity_reservation_specification {
          + capacity_reservation_preference = (known after apply)

          + capacity_reservation_target {
              + capacity_reservation_id                 = (known after apply)
              + capacity_reservation_resource_group_arn = (known after apply)
            }
        }

      + ebs_block_device {
          + delete_on_termination = (known after apply)
          + device_name           = (known after apply)
          + encrypted             = (known after apply)
          + iops                  = (known after apply)
          + kms_key_id            = (known after apply)
          + snapshot_id           = (known after apply)
          + tags                  = (known after apply)
          + throughput            = (known after apply)
          + volume_id             = (known after apply)
          + volume_size           = (known after apply)
          + volume_type           = (known after apply)
        }

      + enclave_options {
          + enabled = (known after apply)
        }

      + ephemeral_block_device {
          + device_name  = (known after apply)
          + no_device    = (known after apply)
          + virtual_name = (known after apply)
        }

      + maintenance_options {
          + auto_recovery = (known after apply)
        }

      + metadata_options {
          + http_endpoint               = (known after apply)
          + http_put_response_hop_limit = (known after apply)
          + http_tokens                 = (known after apply)
          + instance_metadata_tags      = (known after apply)
        }

      + network_interface {
          + delete_on_termination = (known after apply)
          + device_index          = (known after apply)
          + network_card_index    = (known after apply)
          + network_interface_id  = (known after apply)
        }

      + private_dns_name_options {
          + enable_resource_name_dns_a_record    = (known after apply)
          + enable_resource_name_dns_aaaa_record = (known after apply)
          + hostname_type                        = (known after apply)
        }

      + root_block_device {
          + delete_on_termination = (known after apply)
          + device_name           = (known after apply)
          + encrypted             = (known after apply)
          + iops                  = (known after apply)
          + kms_key_id            = (known after apply)
          + tags                  = (known after apply)
          + throughput            = (known after apply)
          + volume_id             = (known after apply)
          + volume_size           = (known after apply)
          + volume_type           = (known after apply)
        }
    }

  # aws_internet_gateway.alpha_vpc_igw will be created
  + resource "aws_internet_gateway" "alpha_vpc_igw" {
      + arn      = (known after apply)
      + id       = (known after apply)
      + owner_id = (known after apply)
      + tags     = {
          + "Name" = "Internet Gateway for VPC Alpha"
        }
      + tags_all = {
          + "Name" = "Internet Gateway for VPC Alpha"
        }
      + vpc_id   = (known after apply)
    }

  # aws_lb.alpha_alb will be created
  + resource "aws_lb" "alpha_alb" {
      + arn                        = (known after apply)
      + arn_suffix                 = (known after apply)
      + desync_mitigation_mode     = "defensive"
      + dns_name                   = (known after apply)
      + drop_invalid_header_fields = false
      + enable_deletion_protection = false
      + enable_http2               = true
      + enable_waf_fail_open       = false
      + id                         = (known after apply)
      + idle_timeout               = 60
      + internal                   = false
      + ip_address_type            = (known after apply)
      + load_balancer_type         = "application"
      + name                       = "alpha-vpc-application-lb"
      + preserve_host_header       = false
      + security_groups            = (known after apply)
      + subnets                    = (known after apply)
      + tags_all                   = (known after apply)
      + vpc_id                     = (known after apply)
      + zone_id                    = (known after apply)

      + subnet_mapping {
          + allocation_id        = (known after apply)
          + ipv6_address         = (known after apply)
          + outpost_id           = (known after apply)
          + private_ipv4_address = (known after apply)
          + subnet_id            = (known after apply)
        }
    }

  # aws_lb_listener.alpha_alb_listener will be created
  + resource "aws_lb_listener" "alpha_alb_listener" {
      + arn               = (known after apply)
      + id                = (known after apply)
      + load_balancer_arn = (known after apply)
      + port              = 80
      + protocol          = "HTTP"
      + ssl_policy        = (known after apply)
      + tags_all          = (known after apply)

      + default_action {
          + order            = (known after apply)
          + target_group_arn = (known after apply)
          + type             = "forward"
        }
    }

  # aws_lb_target_group.alpha_alb_tg will be created
  + resource "aws_lb_target_group" "alpha_alb_tg" {
      + arn                                = (known after apply)
      + arn_suffix                         = (known after apply)
      + connection_termination             = false
      + deregistration_delay               = "300"
      + id                                 = (known after apply)
      + lambda_multi_value_headers_enabled = false
      + load_balancing_algorithm_type      = (known after apply)
      + name                               = "alpha-alb-tg"
      + port                               = 80
      + preserve_client_ip                 = (known after apply)
      + protocol                           = "HTTP"
      + protocol_version                   = (known after apply)
      + proxy_protocol_v2                  = false
      + slow_start                         = 0
      + tags_all                           = (known after apply)
      + target_type                        = "instance"
      + vpc_id                             = (known after apply)

      + health_check {
          + enabled             = (known after apply)
          + healthy_threshold   = (known after apply)
          + interval            = (known after apply)
          + matcher             = (known after apply)
          + path                = (known after apply)
          + port                = (known after apply)
          + protocol            = (known after apply)
          + timeout             = (known after apply)
          + unhealthy_threshold = (known after apply)
        }

      + stickiness {
          + cookie_duration = (known after apply)
          + cookie_name     = (known after apply)
          + enabled         = (known after apply)
          + type            = (known after apply)
        }
    }

  # aws_lb_target_group_attachment.alpha_alb_attachment_1 will be created
  + resource "aws_lb_target_group_attachment" "alpha_alb_attachment_1" {
      + id               = (known after apply)
      + port             = 80
      + target_group_arn = (known after apply)
      + target_id        = (known after apply)
    }

  # aws_lb_target_group_attachment.alpha_alb_attachment_2 will be created
  + resource "aws_lb_target_group_attachment" "alpha_alb_attachment_2" {
      + id               = (known after apply)
      + port             = 80
      + target_group_arn = (known after apply)
      + target_id        = (known after apply)
    }

  # aws_route_table.main_routing_table will be created
  + resource "aws_route_table" "main_routing_table" {
      + arn              = (known after apply)
      + id               = (known after apply)
      + owner_id         = (known after apply)
      + propagating_vgws = (known after apply)
      + route            = [
          + {
              + carrier_gateway_id         = ""
              + cidr_block                 = "0.0.0.0/0"
              + core_network_arn           = ""
              + destination_prefix_list_id = ""
              + egress_only_gateway_id     = ""
              + gateway_id                 = (known after apply)
              + instance_id                = ""
              + ipv6_cidr_block            = ""
              + local_gateway_id           = ""
              + nat_gateway_id             = ""
              + network_interface_id       = ""
              + transit_gateway_id         = ""
              + vpc_endpoint_id            = ""
              + vpc_peering_connection_id  = ""
            },
        ]
      + tags_all         = (known after apply)
      + vpc_id           = (known after apply)
    }

  # aws_route_table_association.route_table_1 will be created
  + resource "aws_route_table_association" "route_table_1" {
      + id             = (known after apply)
      + route_table_id = (known after apply)
      + subnet_id      = (known after apply)
    }

  # aws_route_table_association.route_table_2 will be created
  + resource "aws_route_table_association" "route_table_2" {
      + id             = (known after apply)
      + route_table_id = (known after apply)
      + subnet_id      = (known after apply)
    }

  # aws_security_group.alpha_database_sg will be created
  + resource "aws_security_group" "alpha_database_sg" {
      + arn                    = (known after apply)
      + description            = "Managed by Terraform"
      + egress                 = [
          + {
              + cidr_blocks      = [
                  + "0.0.0.0/0",
                ]
              + description      = ""
              + from_port        = 32768
              + ipv6_cidr_blocks = []
              + prefix_list_ids  = []
              + protocol         = "tcp"
              + security_groups  = []
              + self             = false
              + to_port          = 65535
            },
        ]
      + id                     = (known after apply)
      + ingress                = [
          + {
              + cidr_blocks      = []
              + description      = "Allow traffic from application layer to database"
              + from_port        = 3306
              + ipv6_cidr_blocks = []
              + prefix_list_ids  = []
              + protocol         = "tcp"
              + security_groups  = (known after apply)
              + self             = false
              + to_port          = 3306
            },
        ]
      + name                   = "Alpha VPC Database Layer Security Group"
      + name_prefix            = (known after apply)
      + owner_id               = (known after apply)
      + revoke_rules_on_delete = false
      + tags                   = {
          + "Name" = "Alpha VPC Database Layer Security Group"
        }
      + tags_all               = {
          + "Name" = "Alpha VPC Database Layer Security Group"
        }
      + vpc_id                 = (known after apply)
    }

  # aws_security_group.alpha_web_sg will be created
  + resource "aws_security_group" "alpha_web_sg" {
      + arn                    = (known after apply)
      + description            = "Managed by Terraform"
      + egress                 = [
          + {
              + cidr_blocks      = [
                  + "0.0.0.0/0",
                ]
              + description      = "internet_access_to_anywhere"
              + from_port        = 0
              + ipv6_cidr_blocks = []
              + prefix_list_ids  = []
              + protocol         = "-1"
              + security_groups  = []
              + self             = false
              + to_port          = 0
            },
        ]
      + id                     = (known after apply)
      + ingress                = [
          + {
              + cidr_blocks      = [
                  + "0.0.0.0/0",
                ]
              + description      = "http_from_anywhere"
              + from_port        = 80
              + ipv6_cidr_blocks = []
              + prefix_list_ids  = []
              + protocol         = "tcp"
              + security_groups  = []
              + self             = false
              + to_port          = 80
            },
          + {
              + cidr_blocks      = [
                  + "0.0.0.0/0",
                ]
              + description      = "https_from_anywhere"
              + from_port        = 443
              + ipv6_cidr_blocks = []
              + prefix_list_ids  = []
              + protocol         = "tcp"
              + security_groups  = []
              + self             = false
              + to_port          = 443
            },
          + {
              + cidr_blocks      = [
                  + "0.0.0.0/0",
                ]
              + description      = "ssh_from_anywhere"
              + from_port        = 22
              + ipv6_cidr_blocks = []
              + prefix_list_ids  = []
              + protocol         = "tcp"
              + security_groups  = []
              + self             = false
              + to_port          = 22
            },
        ]
      + name                   = "Alpha VPC Web Layer Security Group"
      + name_prefix            = (known after apply)
      + owner_id               = (known after apply)
      + revoke_rules_on_delete = false
      + tags                   = {
          + "Name" = "Alpha VPC Web Layer Security Group"
        }
      + tags_all               = {
          + "Name" = "Alpha VPC Web Layer Security Group"
        }
      + vpc_id                 = (known after apply)
    }

  # aws_subnet.app_subnet_1 will be created
  + resource "aws_subnet" "app_subnet_1" {
      + arn                                            = (known after apply)
      + assign_ipv6_address_on_creation                = false
      + availability_zone                              = "eu-west-1a"
      + availability_zone_id                           = (known after apply)
      + cidr_block                                     = "10.0.3.0/24"
      + enable_dns64                                   = false
      + enable_resource_name_dns_a_record_on_launch    = false
      + enable_resource_name_dns_aaaa_record_on_launch = false
      + id                                             = (known after apply)
      + ipv6_cidr_block_association_id                 = (known after apply)
      + ipv6_native                                    = false
      + map_public_ip_on_launch                        = false
      + owner_id                                       = (known after apply)
      + private_dns_hostname_type_on_launch            = (known after apply)
      + tags                                           = {
          + "Name" = "Application Subnet 1"
        }
      + tags_all                                       = {
          + "Name" = "Application Subnet 1"
        }
      + vpc_id                                         = (known after apply)
    }

  # aws_subnet.app_subnet_2 will be created
  + resource "aws_subnet" "app_subnet_2" {
      + arn                                            = (known after apply)
      + assign_ipv6_address_on_creation                = false
      + availability_zone                              = "eu-west-1b"
      + availability_zone_id                           = (known after apply)
      + cidr_block                                     = "10.0.4.0/24"
      + enable_dns64                                   = false
      + enable_resource_name_dns_a_record_on_launch    = false
      + enable_resource_name_dns_aaaa_record_on_launch = false
      + id                                             = (known after apply)
      + ipv6_cidr_block_association_id                 = (known after apply)
      + ipv6_native                                    = false
      + map_public_ip_on_launch                        = false
      + owner_id                                       = (known after apply)
      + private_dns_hostname_type_on_launch            = (known after apply)
      + tags                                           = {
          + "Name" = "Applictaion Subnet 2"
        }
      + tags_all                                       = {
          + "Name" = "Applictaion Subnet 2"
        }
      + vpc_id                                         = (known after apply)
    }

  # aws_subnet.db_subnet_1 will be created
  + resource "aws_subnet" "db_subnet_1" {
      + arn                                            = (known after apply)
      + assign_ipv6_address_on_creation                = false
      + availability_zone                              = "eu-west-1a"
      + availability_zone_id                           = (known after apply)
      + cidr_block                                     = "10.0.5.0/24"
      + enable_dns64                                   = false
      + enable_resource_name_dns_a_record_on_launch    = false
      + enable_resource_name_dns_aaaa_record_on_launch = false
      + id                                             = (known after apply)
      + ipv6_cidr_block_association_id                 = (known after apply)
      + ipv6_native                                    = false
      + map_public_ip_on_launch                        = false
      + owner_id                                       = (known after apply)
      + private_dns_hostname_type_on_launch            = (known after apply)
      + tags                                           = {
          + "Name" = "Database Subnet 1"
        }
      + tags_all                                       = {
          + "Name" = "Database Subnet 1"
        }
      + vpc_id                                         = (known after apply)
    }

  # aws_subnet.db_subnet_2 will be created
  + resource "aws_subnet" "db_subnet_2" {
      + arn                                            = (known after apply)
      + assign_ipv6_address_on_creation                = false
      + availability_zone                              = "eu-west-1b"
      + availability_zone_id                           = (known after apply)
      + cidr_block                                     = "10.0.6.0/24"
      + enable_dns64                                   = false
      + enable_resource_name_dns_a_record_on_launch    = false
      + enable_resource_name_dns_aaaa_record_on_launch = false
      + id                                             = (known after apply)
      + ipv6_cidr_block_association_id                 = (known after apply)
      + ipv6_native                                    = false
      + map_public_ip_on_launch                        = false
      + owner_id                                       = (known after apply)
      + private_dns_hostname_type_on_launch            = (known after apply)
      + tags                                           = {
          + "Name" = "Database Subnet 2"
        }
      + tags_all                                       = {
          + "Name" = "Database Subnet 2"
        }
      + vpc_id                                         = (known after apply)
    }

  # aws_subnet.public_subnet_1 will be created
  + resource "aws_subnet" "public_subnet_1" {
      + arn                                            = (known after apply)
      + assign_ipv6_address_on_creation                = false
      + availability_zone                              = "eu-west-1a"
      + availability_zone_id                           = (known after apply)
      + cidr_block                                     = "10.0.1.0/24"
      + enable_dns64                                   = false
      + enable_resource_name_dns_a_record_on_launch    = false
      + enable_resource_name_dns_aaaa_record_on_launch = false
      + id                                             = (known after apply)
      + ipv6_cidr_block_association_id                 = (known after apply)
      + ipv6_native                                    = false
      + map_public_ip_on_launch                        = true
      + owner_id                                       = (known after apply)
      + private_dns_hostname_type_on_launch            = (known after apply)
      + tags                                           = {
          + "Name" = "Web Tier Subnets 1"
        }
      + tags_all                                       = {
          + "Name" = "Web Tier Subnets 1"
        }
      + vpc_id                                         = (known after apply)
    }

  # aws_subnet.public_subnet_2 will be created
  + resource "aws_subnet" "public_subnet_2" {
      + arn                                            = (known after apply)
      + assign_ipv6_address_on_creation                = false
      + availability_zone                              = "eu-west-1b"
      + availability_zone_id                           = (known after apply)
      + cidr_block                                     = "10.0.2.0/24"
      + enable_dns64                                   = false
      + enable_resource_name_dns_a_record_on_launch    = false
      + enable_resource_name_dns_aaaa_record_on_launch = false
      + id                                             = (known after apply)
      + ipv6_cidr_block_association_id                 = (known after apply)
      + ipv6_native                                    = false
      + map_public_ip_on_launch                        = true
      + owner_id                                       = (known after apply)
      + private_dns_hostname_type_on_launch            = (known after apply)
      + tags                                           = {
          + "Name" = "Web Tier Subnet 2"
        }
      + tags_all                                       = {
          + "Name" = "Web Tier Subnet 2"
        }
      + vpc_id                                         = (known after apply)
    }

  # aws_vpc.alpha_vpc will be created
  + resource "aws_vpc" "alpha_vpc" {
      + arn                                  = (known after apply)
      + cidr_block                           = "10.0.0.0/16"
      + default_network_acl_id               = (known after apply)
      + default_route_table_id               = (known after apply)
      + default_security_group_id            = (known after apply)
      + dhcp_options_id                      = (known after apply)
      + enable_classiclink                   = (known after apply)
      + enable_classiclink_dns_support       = (known after apply)
      + enable_dns_hostnames                 = (known after apply)
      + enable_dns_support                   = true
      + id                                   = (known after apply)
      + instance_tenancy                     = "default"
      + ipv6_association_id                  = (known after apply)
      + ipv6_cidr_block                      = (known after apply)
      + ipv6_cidr_block_network_border_group = (known after apply)
      + main_route_table_id                  = (known after apply)
      + owner_id                             = (known after apply)
      + tags                                 = {
          + "Name" = "Alpha VPC"
        }
      + tags_all                             = {
          + "Name" = "Alpha VPC"
        }
    }

Plan: 22 to add, 0 to change, 0 to destroy.

Changes to Outputs:
  + database_instance     = (known after apply)
  + loadbalancer_dns_name = (known after apply)
  + routing_table         = [
      + {
          + carrier_gateway_id         = ""
          + cidr_block                 = "0.0.0.0/0"
          + core_network_arn           = ""
          + destination_prefix_list_id = ""
          + egress_only_gateway_id     = ""
          + gateway_id                 = (known after apply)
          + instance_id                = ""
          + ipv6_cidr_block            = ""
          + local_gateway_id           = ""
          + nat_gateway_id             = ""
          + network_interface_id       = ""
          + transit_gateway_id         = ""
          + vpc_endpoint_id            = ""
          + vpc_peering_connection_id  = ""
        },
    ]
  + vpc_id                = (known after apply)
  + webserver_1           = (known after apply)
  + webserver_2           = (known after apply)

─────────────────────────────────────────────────────────────────────────────

Note: You didn't use the -out option to save this plan, so Terraform can't
guarantee to take exactly these actions if you run "terraform apply" now.
